
Microsoft Visual Studio Solution File, Format Version 12.00
# Visual Studio 2012
Project("{2150E333-8FDC-42A3-9474-1A3956D46DE8}") = ".nuget", ".nuget", "{DD094D76-1725-4F8E-A140-02E0A482E3FE}"
	ProjectSection(SolutionItems) = preProject
		.nuget\NuGet.Config = .nuget\NuGet.Config
		.nuget\NuGet.exe = .nuget\NuGet.exe
		.nuget\NuGet.targets = .nuget\NuGet.targets
	EndProjectSection
EndProject
Project("{2150E333-8FDC-42A3-9474-1A3956D46DE8}") = "OccupOSNode", "OccupOSNode", "{E5D6E865-ED63-4960-92C3-AC98D1F7FA2E}"
EndProject
Project("{2150E333-8FDC-42A3-9474-1A3956D46DE8}") = "Micro", "Micro", "{D810FA64-43EB-402F-A781-6483D110F509}"
EndProject
Project("{2150E333-8FDC-42A3-9474-1A3956D46DE8}") = "Full", "Full", "{821354D1-7702-44AC-8B64-F4D49FAD54B1}"
EndProject
Project("{2150E333-8FDC-42A3-9474-1A3956D46DE8}") = "OccupOSCloud", "OccupOSCloud", "{851681CA-E0FA-4BB9-A1D5-B0D78B31EB87}"
EndProject
Project("{2150E333-8FDC-42A3-9474-1A3956D46DE8}") = "Azure", "Azure", "{6B98E437-CECC-4415-BE9C-409EE15E16AC}"
EndProject
Project("{2150E333-8FDC-42A3-9474-1A3956D46DE8}") = "Console", "Console", "{BC0BCF8D-5C9E-4070-A599-C6A40787D84E}"
EndProject
Project("{FAE04EC0-301F-11D3-BF4B-00C04F79EFBC}") = "OccupOSAzure", "OccupOSCloud\Azure\OccupOSAzure\OccupOSAzure.csproj", "{F16165A2-D00B-4300-88B5-60576D9A9721}"
EndProject
Project("{FAE04EC0-301F-11D3-BF4B-00C04F79EFBC}") = "TestServerProject", "OccupOSCloud\TestServerProject\TestServerProject.csproj", "{69006995-277A-44FB-B8D6-2F964CA95862}"
EndProject
Project("{FAE04EC0-301F-11D3-BF4B-00C04F79EFBC}") = "TestClientProject", "OccupOSCloud\TestClientProject\TestClientProject.csproj", "{5AFC4517-BB2E-4767-A53E-2D52F82B7AF8}"
EndProject
Project("{FAE04EC0-301F-11D3-BF4B-00C04F79EFBC}") = "OccupOSAPI", "OccupOSCloud\OccupOSAPI\OccupOSAPI.csproj", "{D40066AF-84D6-4E40-BFB7-CA4BACB3CF25}"
EndProject
Project("{2150E333-8FDC-42A3-9474-1A3956D46DE8}") = "Common", "Common", "{1E092E0E-F907-483B-A83C-1C974BB2B893}"
EndProject
Project("{2150E333-8FDC-42A3-9474-1A3956D46DE8}") = "Gadgeteer", "Gadgeteer", "{B0D92C28-4930-42D9-870D-7EF4D1FA5CB4}"
EndProject
Project("{2150E333-8FDC-42A3-9474-1A3956D46DE8}") = "Netduino", "Netduino", "{68A8E3E8-D806-4997-8900-C09B98C16570}"
EndProject
Project("{FAE04EC0-301F-11D3-BF4B-00C04F79EFBC}") = "OccupOSNode.Full", "OccupOSNode\Full\OccupOSNode.Full\OccupOSNode.Full.csproj", "{A19E0504-2206-4A15-9EFD-3EBF590748ED}"
EndProject
Project("{FAE04EC0-301F-11D3-BF4B-00C04F79EFBC}") = "OccupOSNode.Full.Tests", "OccupOSNode\Full\OccupOSNode.Full.Tests\OccupOSNode.Full.Tests.csproj", "{DF2114C7-5AFD-4131-8E98-62917E60718A}"
EndProject
Project("{FAE04EC0-301F-11D3-BF4B-00C04F79EFBC}") = "OccupOSNode.Micro.Gadgeteer", "OccupOSNode\Micro\Gadgeteer\OccupOSNode.Micro.Gadgeteer\OccupOSNode.Micro.Gadgeteer.csproj", "{48832307-790C-4A2D-8A6D-4815E87BAA82}"
EndProject
Project("{FAE04EC0-301F-11D3-BF4B-00C04F79EFBC}") = "OccupOSNode.Micro.Gadgeteer.Tests", "OccupOSNode\Micro\Gadgeteer\OccupOSNode.Micro.Gadgeteer.Tests\OccupOSNode.Micro.Gadgeteer.Tests.csproj", "{097A6060-4FC8-4C45-AFC2-B1860DF2BDBB}"
EndProject
Project("{FAE04EC0-301F-11D3-BF4B-00C04F79EFBC}") = "OccupOSNode.Micro.Netduino", "OccupOSNode\Micro\Netduino\OccupOSNode.Micro.Netduino\OccupOSNode.Micro.Netduino.csproj", "{182011EF-A555-4CA7-81A0-3A9E81FC38B9}"
EndProject
Project("{FAE04EC0-301F-11D3-BF4B-00C04F79EFBC}") = "OccupOSNode.Micro.Netduino.Tests", "OccupOSNode\Micro\Netduino\OccupOSNode.Micro.Netduino.Tests\OccupOSNode.Micro.Netduino.Tests.csproj", "{D8D6189C-EC73-459B-B6F3-A14B7732DEBA}"
EndProject
Project("{FAE04EC0-301F-11D3-BF4B-00C04F79EFBC}") = "OccupOSNode.Common", "OccupOSNode\Common\OccupOSNode.Common\OccupOSNode.Common.csproj", "{0D871D10-3625-4C8E-8EAD-631C27A60EC6}"
EndProject
Project("{FAE04EC0-301F-11D3-BF4B-00C04F79EFBC}") = "OccupOSNode.Common.Tests", "OccupOSNode\Common\OccupOSNode.Common.Tests\OccupOSNode.Common.Tests.csproj", "{2BC7DAE5-D665-4611-8094-44441E9FC4E9}"
EndProject
Project("{FAE04EC0-301F-11D3-BF4B-00C04F79EFBC}") = "SensorSimulator", "OccupOSCloud\SensorSimulator\SensorSimulator.csproj", "{26C61471-26FE-49F6-8518-1AA203E491B3}"
EndProject
Global
	GlobalSection(SolutionConfigurationPlatforms) = preSolution
		Debug|Any CPU = Debug|Any CPU
		Release|Any CPU = Release|Any CPU
	EndGlobalSection
	GlobalSection(ProjectConfigurationPlatforms) = postSolution
		{F16165A2-D00B-4300-88B5-60576D9A9721}.Debug|Any CPU.ActiveCfg = Debug|Any CPU
		{F16165A2-D00B-4300-88B5-60576D9A9721}.Release|Any CPU.ActiveCfg = Release|Any CPU
		{F16165A2-D00B-4300-88B5-60576D9A9721}.Release|Any CPU.Build.0 = Release|Any CPU
		{69006995-277A-44FB-B8D6-2F964CA95862}.Debug|Any CPU.ActiveCfg = Debug|Any CPU
		{69006995-277A-44FB-B8D6-2F964CA95862}.Debug|Any CPU.Build.0 = Debug|Any CPU
		{69006995-277A-44FB-B8D6-2F964CA95862}.Release|Any CPU.ActiveCfg = Release|Any CPU
		{69006995-277A-44FB-B8D6-2F964CA95862}.Release|Any CPU.Build.0 = Release|Any CPU
		{5AFC4517-BB2E-4767-A53E-2D52F82B7AF8}.Debug|Any CPU.ActiveCfg = Debug|Any CPU
		{5AFC4517-BB2E-4767-A53E-2D52F82B7AF8}.Debug|Any CPU.Build.0 = Debug|Any CPU
		{5AFC4517-BB2E-4767-A53E-2D52F82B7AF8}.Release|Any CPU.ActiveCfg = Release|Any CPU
		{5AFC4517-BB2E-4767-A53E-2D52F82B7AF8}.Release|Any CPU.Build.0 = Release|Any CPU
		{D40066AF-84D6-4E40-BFB7-CA4BACB3CF25}.Debug|Any CPU.ActiveCfg = Debug|Any CPU
		{D40066AF-84D6-4E40-BFB7-CA4BACB3CF25}.Release|Any CPU.ActiveCfg = Release|Any CPU
		{D40066AF-84D6-4E40-BFB7-CA4BACB3CF25}.Release|Any CPU.Build.0 = Release|Any CPU
		{A19E0504-2206-4A15-9EFD-3EBF590748ED}.Debug|Any CPU.ActiveCfg = Debug|Any CPU
		{A19E0504-2206-4A15-9EFD-3EBF590748ED}.Debug|Any CPU.Build.0 = Debug|Any CPU
		{A19E0504-2206-4A15-9EFD-3EBF590748ED}.Release|Any CPU.ActiveCfg = Release|Any CPU
		{A19E0504-2206-4A15-9EFD-3EBF590748ED}.Release|Any CPU.Build.0 = Release|Any CPU
		{DF2114C7-5AFD-4131-8E98-62917E60718A}.Debug|Any CPU.ActiveCfg = Debug|Any CPU
		{DF2114C7-5AFD-4131-8E98-62917E60718A}.Debug|Any CPU.Build.0 = Debug|Any CPU
		{DF2114C7-5AFD-4131-8E98-62917E60718A}.Release|Any CPU.ActiveCfg = Release|Any CPU
		{DF2114C7-5AFD-4131-8E98-62917E60718A}.Release|Any CPU.Build.0 = Release|Any CPU
		{48832307-790C-4A2D-8A6D-4815E87BAA82}.Debug|Any CPU.ActiveCfg = Debug|Any CPU
		{48832307-790C-4A2D-8A6D-4815E87BAA82}.Debug|Any CPU.Build.0 = Debug|Any CPU
		{48832307-790C-4A2D-8A6D-4815E87BAA82}.Debug|Any CPU.Deploy.0 = Debug|Any CPU
		{48832307-790C-4A2D-8A6D-4815E87BAA82}.Release|Any CPU.ActiveCfg = Release|Any CPU
		{48832307-790C-4A2D-8A6D-4815E87BAA82}.Release|Any CPU.Build.0 = Release|Any CPU
		{48832307-790C-4A2D-8A6D-4815E87BAA82}.Release|Any CPU.Deploy.0 = Release|Any CPU
		{097A6060-4FC8-4C45-AFC2-B1860DF2BDBB}.Debug|Any CPU.ActiveCfg = Debug|Any CPU
		{097A6060-4FC8-4C45-AFC2-B1860DF2BDBB}.Debug|Any CPU.Build.0 = Debug|Any CPU
		{097A6060-4FC8-4C45-AFC2-B1860DF2BDBB}.Release|Any CPU.ActiveCfg = Release|Any CPU
		{097A6060-4FC8-4C45-AFC2-B1860DF2BDBB}.Release|Any CPU.Build.0 = Release|Any CPU
		{182011EF-A555-4CA7-81A0-3A9E81FC38B9}.Debug|Any CPU.ActiveCfg = Debug|Any CPU
		{182011EF-A555-4CA7-81A0-3A9E81FC38B9}.Debug|Any CPU.Build.0 = Debug|Any CPU
		{182011EF-A555-4CA7-81A0-3A9E81FC38B9}.Debug|Any CPU.Deploy.0 = Debug|Any CPU
		{182011EF-A555-4CA7-81A0-3A9E81FC38B9}.Release|Any CPU.ActiveCfg = Release|Any CPU
		{182011EF-A555-4CA7-81A0-3A9E81FC38B9}.Release|Any CPU.Build.0 = Release|Any CPU
		{182011EF-A555-4CA7-81A0-3A9E81FC38B9}.Release|Any CPU.Deploy.0 = Release|Any CPU
		{D8D6189C-EC73-459B-B6F3-A14B7732DEBA}.Debug|Any CPU.ActiveCfg = Debug|Any CPU
		{D8D6189C-EC73-459B-B6F3-A14B7732DEBA}.Debug|Any CPU.Build.0 = Debug|Any CPU
		{D8D6189C-EC73-459B-B6F3-A14B7732DEBA}.Release|Any CPU.ActiveCfg = Release|Any CPU
		{D8D6189C-EC73-459B-B6F3-A14B7732DEBA}.Release|Any CPU.Build.0 = Release|Any CPU
		{0D871D10-3625-4C8E-8EAD-631C27A60EC6}.Debug|Any CPU.ActiveCfg = Debug|Any CPU
		{0D871D10-3625-4C8E-8EAD-631C27A60EC6}.Debug|Any CPU.Build.0 = Debug|Any CPU
		{0D871D10-3625-4C8E-8EAD-631C27A60EC6}.Release|Any CPU.ActiveCfg = Release|Any CPU
		{0D871D10-3625-4C8E-8EAD-631C27A60EC6}.Release|Any CPU.Build.0 = Release|Any CPU
		{2BC7DAE5-D665-4611-8094-44441E9FC4E9}.Debug|Any CPU.ActiveCfg = Debug|Any CPU
		{2BC7DAE5-D665-4611-8094-44441E9FC4E9}.Debug|Any CPU.Build.0 = Debug|Any CPU
		{2BC7DAE5-D665-4611-8094-44441E9FC4E9}.Release|Any CPU.ActiveCfg = Release|Any CPU
		{2BC7DAE5-D665-4611-8094-44441E9FC4E9}.Release|Any CPU.Build.0 = Release|Any CPU
		{26C61471-26FE-49F6-8518-1AA203E491B3}.Debug|Any CPU.ActiveCfg = Debug|Any CPU
		{26C61471-26FE-49F6-8518-1AA203E491B3}.Debug|Any CPU.Build.0 = Debug|Any CPU
		{26C61471-26FE-49F6-8518-1AA203E491B3}.Release|Any CPU.ActiveCfg = Release|Any CPU
		{26C61471-26FE-49F6-8518-1AA203E491B3}.Release|Any CPU.Build.0 = Release|Any CPU
	EndGlobalSection
	GlobalSection(SolutionProperties) = preSolution
		HideSolutionNode = FALSE
	EndGlobalSection
	GlobalSection(NestedProjects) = preSolution
		{D810FA64-43EB-402F-A781-6483D110F509} = {E5D6E865-ED63-4960-92C3-AC98D1F7FA2E}
		{821354D1-7702-44AC-8B64-F4D49FAD54B1} = {E5D6E865-ED63-4960-92C3-AC98D1F7FA2E}
		{1E092E0E-F907-483B-A83C-1C974BB2B893} = {E5D6E865-ED63-4960-92C3-AC98D1F7FA2E}
		{B0D92C28-4930-42D9-870D-7EF4D1FA5CB4} = {D810FA64-43EB-402F-A781-6483D110F509}
		{68A8E3E8-D806-4997-8900-C09B98C16570} = {D810FA64-43EB-402F-A781-6483D110F509}
		{A19E0504-2206-4A15-9EFD-3EBF590748ED} = {821354D1-7702-44AC-8B64-F4D49FAD54B1}
		{DF2114C7-5AFD-4131-8E98-62917E60718A} = {821354D1-7702-44AC-8B64-F4D49FAD54B1}
		{6B98E437-CECC-4415-BE9C-409EE15E16AC} = {851681CA-E0FA-4BB9-A1D5-B0D78B31EB87}
		{BC0BCF8D-5C9E-4070-A599-C6A40787D84E} = {851681CA-E0FA-4BB9-A1D5-B0D78B31EB87}
		{69006995-277A-44FB-B8D6-2F964CA95862} = {851681CA-E0FA-4BB9-A1D5-B0D78B31EB87}
		{5AFC4517-BB2E-4767-A53E-2D52F82B7AF8} = {851681CA-E0FA-4BB9-A1D5-B0D78B31EB87}
		{D40066AF-84D6-4E40-BFB7-CA4BACB3CF25} = {851681CA-E0FA-4BB9-A1D5-B0D78B31EB87}
		{26C61471-26FE-49F6-8518-1AA203E491B3} = {851681CA-E0FA-4BB9-A1D5-B0D78B31EB87}
		{F16165A2-D00B-4300-88B5-60576D9A9721} = {6B98E437-CECC-4415-BE9C-409EE15E16AC}
		{0D871D10-3625-4C8E-8EAD-631C27A60EC6} = {1E092E0E-F907-483B-A83C-1C974BB2B893}
		{2BC7DAE5-D665-4611-8094-44441E9FC4E9} = {1E092E0E-F907-483B-A83C-1C974BB2B893}
		{48832307-790C-4A2D-8A6D-4815E87BAA82} = {B0D92C28-4930-42D9-870D-7EF4D1FA5CB4}
		{097A6060-4FC8-4C45-AFC2-B1860DF2BDBB} = {B0D92C28-4930-42D9-870D-7EF4D1FA5CB4}
		{182011EF-A555-4CA7-81A0-3A9E81FC38B9} = {68A8E3E8-D806-4997-8900-C09B98C16570}
		{D8D6189C-EC73-459B-B6F3-A14B7732DEBA} = {68A8E3E8-D806-4997-8900-C09B98C16570}
	EndGlobalSection
EndGlobal
