
Microsoft Visual Studio Solution File, Format Version 12.00
# Visual Studio 2012
Project("{2150E333-8FDC-42A3-9474-1A3956D46DE8}") = ".nuget", ".nuget", "{DD094D76-1725-4F8E-A140-02E0A482E3FE}"
	ProjectSection(SolutionItems) = preProject
		.nuget\NuGet.Config = .nuget\NuGet.Config
		.nuget\NuGet.exe = .nuget\NuGet.exe
		.nuget\NuGet.targets = .nuget\NuGet.targets
	EndProjectSection
EndProject
Project("{2150E333-8FDC-42A3-9474-1A3956D46DE8}") = "OccupOSMonitor", "OccupOSMonitor", "{135B5670-7F50-4622-A4EE-2B2E97C4285A}"
EndProject
Project("{2150E333-8FDC-42A3-9474-1A3956D46DE8}") = "OccupOSNode", "OccupOSNode", "{E5D6E865-ED63-4960-92C3-AC98D1F7FA2E}"
EndProject
Project("{FAE04EC0-301F-11D3-BF4B-00C04F79EFBC}") = "OccupOSMonitor.Tests", "OccupOSMonitor\OccupOSMonitor.Tests\OccupOSMonitor.Tests.csproj", "{AB21EF08-FC6C-48C5-82A8-293418A627F5}"
EndProject
Project("{FAE04EC0-301F-11D3-BF4B-00C04F79EFBC}") = "IndianaJones.NETMF.Primitives", "IndianaJones.NETMF.Primitives\IndianaJones.NETMF.Primitives.csproj", "{CF92D467-4FC5-4757-B49E-81F3A8960D1B}"
EndProject
Project("{FAE04EC0-301F-11D3-BF4B-00C04F79EFBC}") = "IndianaJones.NETMF.Json", "IndianaJones.NETMF.Json\IndianaJones.NETMF.Json.csproj", "{46480BCF-F6F2-4E84-BDD4-F478BC9F6749}"
EndProject
Project("{FAE04EC0-301F-11D3-BF4B-00C04F79EFBC}") = "Ember.Handlebars", "OccupOSMonitor\Ember.Handlebars\Ember.Handlebars.csproj", "{97256AA6-06C4-48E6-974C-0900637B13D0}"
EndProject
Project("{FAE04EC0-301F-11D3-BF4B-00C04F79EFBC}") = "OccupOSMonitor", "OccupOSMonitor\OccupOSMonitor\OccupOSMonitor.csproj", "{1AF3E25C-659A-4611-BC08-B4559B4787D8}"
EndProject
Project("{2150E333-8FDC-42A3-9474-1A3956D46DE8}") = "Micro", "Micro", "{D810FA64-43EB-402F-A781-6483D110F509}"
EndProject
Project("{2150E333-8FDC-42A3-9474-1A3956D46DE8}") = "Full", "Full", "{821354D1-7702-44AC-8B64-F4D49FAD54B1}"
EndProject
Project("{FAE04EC0-301F-11D3-BF4B-00C04F79EFBC}") = "OccupOSNode", "OccupOSNode\OccupOSNode\OccupOSNode.csproj", "{A19E0504-2206-4A15-9EFD-3EBF590748ED}"
	ProjectSection(ProjectDependencies) = postProject
		{0D871D10-3625-4C8E-8EAD-631C27A60EC6} = {0D871D10-3625-4C8E-8EAD-631C27A60EC6}
		{46480BCF-F6F2-4E84-BDD4-F478BC9F6749} = {46480BCF-F6F2-4E84-BDD4-F478BC9F6749}
	EndProjectSection
EndProject
Project("{FAE04EC0-301F-11D3-BF4B-00C04F79EFBC}") = "OccupOSNode.Tests", "OccupOSNode\OccupOSNode.Tests\OccupOSNode.Tests.csproj", "{DF2114C7-5AFD-4131-8E98-62917E60718A}"
	ProjectSection(ProjectDependencies) = postProject
		{0D871D10-3625-4C8E-8EAD-631C27A60EC6} = {0D871D10-3625-4C8E-8EAD-631C27A60EC6}
		{46480BCF-F6F2-4E84-BDD4-F478BC9F6749} = {46480BCF-F6F2-4E84-BDD4-F478BC9F6749}
	EndProjectSection
EndProject
Project("{FAE04EC0-301F-11D3-BF4B-00C04F79EFBC}") = "OccupOS.Common", "OccupOSNode\OccupOS.Common\OccupOS.Common.csproj", "{0D871D10-3625-4C8E-8EAD-631C27A60EC6}"
EndProject
Project("{2150E333-8FDC-42A3-9474-1A3956D46DE8}") = "OccupOSCloud", "OccupOSCloud", "{851681CA-E0FA-4BB9-A1D5-B0D78B31EB87}"
EndProject
Project("{2150E333-8FDC-42A3-9474-1A3956D46DE8}") = "Azure", "Azure", "{6B98E437-CECC-4415-BE9C-409EE15E16AC}"
EndProject
Project("{2150E333-8FDC-42A3-9474-1A3956D46DE8}") = "Console", "Console", "{BC0BCF8D-5C9E-4070-A599-C6A40787D84E}"
EndProject
Project("{FAE04EC0-301F-11D3-BF4B-00C04F79EFBC}") = "OccupOSAzure", "OccupOSAzure\OccupOSAzure.csproj", "{F16165A2-D00B-4300-88B5-60576D9A9721}"
EndProject
Project("{00D1A9C2-B5F0-4AF3-8072-F6C62B433612}") = "OccupOSDb", "OccupOSDb\OccupOSDb.sqlproj", "{98ACDAA7-C6D8-4AEB-9759-673EB5FBD542}"
EndProject
Project("{FAE04EC0-301F-11D3-BF4B-00C04F79EFBC}") = "OccupOSNode.Micro.Gadgeteer", "OccupOSNode\OccupOSNode.Micro.Gadgeteer\OccupOSNode.Micro.Gadgeteer.csproj", "{48832307-790C-4A2D-8A6D-4815E87BAA82}"
	ProjectSection(ProjectDependencies) = postProject
		{0D871D10-3625-4C8E-8EAD-631C27A60EC6} = {0D871D10-3625-4C8E-8EAD-631C27A60EC6}
		{46480BCF-F6F2-4E84-BDD4-F478BC9F6749} = {46480BCF-F6F2-4E84-BDD4-F478BC9F6749}
	EndProjectSection
EndProject
Project("{FAE04EC0-301F-11D3-BF4B-00C04F79EFBC}") = "OccupOSNode.Micro.Netduino", "OccupOSNode\OccupOSNode.Micro.Netduino\OccupOSNode.Micro.Netduino.csproj", "{182011EF-A555-4CA7-81A0-3A9E81FC38B9}"
EndProject
Project("{FAE04EC0-301F-11D3-BF4B-00C04F79EFBC}") = "TestServerProject", "ConsoleApplication1\TestServerProject.csproj", "{69006995-277A-44FB-B8D6-2F964CA95862}"
EndProject
Project("{FAE04EC0-301F-11D3-BF4B-00C04F79EFBC}") = "TestClientProject", "TestClientProject\TestClientProject.csproj", "{5AFC4517-BB2E-4767-A53E-2D52F82B7AF8}"
EndProject
Global
	GlobalSection(SolutionConfigurationPlatforms) = preSolution
		Debug|Any CPU = Debug|Any CPU
		Release|Any CPU = Release|Any CPU
	EndGlobalSection
	GlobalSection(ProjectConfigurationPlatforms) = postSolution
		{AB21EF08-FC6C-48C5-82A8-293418A627F5}.Debug|Any CPU.ActiveCfg = Debug|Any CPU
		{AB21EF08-FC6C-48C5-82A8-293418A627F5}.Release|Any CPU.ActiveCfg = Release|Any CPU
		{AB21EF08-FC6C-48C5-82A8-293418A627F5}.Release|Any CPU.Build.0 = Release|Any CPU
		{CF92D467-4FC5-4757-B49E-81F3A8960D1B}.Debug|Any CPU.ActiveCfg = Debug|Any CPU
		{CF92D467-4FC5-4757-B49E-81F3A8960D1B}.Debug|Any CPU.Build.0 = Debug|Any CPU
		{CF92D467-4FC5-4757-B49E-81F3A8960D1B}.Release|Any CPU.ActiveCfg = Release|Any CPU
		{CF92D467-4FC5-4757-B49E-81F3A8960D1B}.Release|Any CPU.Build.0 = Release|Any CPU
		{46480BCF-F6F2-4E84-BDD4-F478BC9F6749}.Debug|Any CPU.ActiveCfg = Debug|Any CPU
		{46480BCF-F6F2-4E84-BDD4-F478BC9F6749}.Debug|Any CPU.Build.0 = Debug|Any CPU
		{46480BCF-F6F2-4E84-BDD4-F478BC9F6749}.Release|Any CPU.ActiveCfg = Release|Any CPU
		{46480BCF-F6F2-4E84-BDD4-F478BC9F6749}.Release|Any CPU.Build.0 = Release|Any CPU
		{97256AA6-06C4-48E6-974C-0900637B13D0}.Debug|Any CPU.ActiveCfg = Debug|Any CPU
		{97256AA6-06C4-48E6-974C-0900637B13D0}.Release|Any CPU.ActiveCfg = Release|Any CPU
		{97256AA6-06C4-48E6-974C-0900637B13D0}.Release|Any CPU.Build.0 = Release|Any CPU
		{1AF3E25C-659A-4611-BC08-B4559B4787D8}.Debug|Any CPU.ActiveCfg = Debug|Any CPU
		{1AF3E25C-659A-4611-BC08-B4559B4787D8}.Release|Any CPU.ActiveCfg = Release|Any CPU
		{1AF3E25C-659A-4611-BC08-B4559B4787D8}.Release|Any CPU.Build.0 = Release|Any CPU
		{A19E0504-2206-4A15-9EFD-3EBF590748ED}.Debug|Any CPU.ActiveCfg = Debug|Any CPU
		{A19E0504-2206-4A15-9EFD-3EBF590748ED}.Debug|Any CPU.Build.0 = Debug|Any CPU
		{A19E0504-2206-4A15-9EFD-3EBF590748ED}.Release|Any CPU.ActiveCfg = Release|Any CPU
		{A19E0504-2206-4A15-9EFD-3EBF590748ED}.Release|Any CPU.Build.0 = Release|Any CPU
		{DF2114C7-5AFD-4131-8E98-62917E60718A}.Debug|Any CPU.ActiveCfg = Debug|Any CPU
		{DF2114C7-5AFD-4131-8E98-62917E60718A}.Debug|Any CPU.Build.0 = Debug|Any CPU
		{DF2114C7-5AFD-4131-8E98-62917E60718A}.Release|Any CPU.ActiveCfg = Release|Any CPU
		{DF2114C7-5AFD-4131-8E98-62917E60718A}.Release|Any CPU.Build.0 = Release|Any CPU
		{0D871D10-3625-4C8E-8EAD-631C27A60EC6}.Debug|Any CPU.ActiveCfg = Debug|Any CPU
		{0D871D10-3625-4C8E-8EAD-631C27A60EC6}.Debug|Any CPU.Build.0 = Debug|Any CPU
		{0D871D10-3625-4C8E-8EAD-631C27A60EC6}.Release|Any CPU.ActiveCfg = Release|Any CPU
		{0D871D10-3625-4C8E-8EAD-631C27A60EC6}.Release|Any CPU.Build.0 = Release|Any CPU
		{F16165A2-D00B-4300-88B5-60576D9A9721}.Debug|Any CPU.ActiveCfg = Debug|Any CPU
		{F16165A2-D00B-4300-88B5-60576D9A9721}.Debug|Any CPU.Build.0 = Debug|Any CPU
		{F16165A2-D00B-4300-88B5-60576D9A9721}.Release|Any CPU.ActiveCfg = Release|Any CPU
		{F16165A2-D00B-4300-88B5-60576D9A9721}.Release|Any CPU.Build.0 = Release|Any CPU
		{98ACDAA7-C6D8-4AEB-9759-673EB5FBD542}.Debug|Any CPU.ActiveCfg = Debug|Any CPU
		{98ACDAA7-C6D8-4AEB-9759-673EB5FBD542}.Debug|Any CPU.Build.0 = Debug|Any CPU
		{98ACDAA7-C6D8-4AEB-9759-673EB5FBD542}.Debug|Any CPU.Deploy.0 = Debug|Any CPU
		{98ACDAA7-C6D8-4AEB-9759-673EB5FBD542}.Release|Any CPU.ActiveCfg = Release|Any CPU
		{98ACDAA7-C6D8-4AEB-9759-673EB5FBD542}.Release|Any CPU.Build.0 = Release|Any CPU
		{98ACDAA7-C6D8-4AEB-9759-673EB5FBD542}.Release|Any CPU.Deploy.0 = Release|Any CPU
		{48832307-790C-4A2D-8A6D-4815E87BAA82}.Debug|Any CPU.ActiveCfg = Debug|Any CPU
		{48832307-790C-4A2D-8A6D-4815E87BAA82}.Debug|Any CPU.Build.0 = Debug|Any CPU
		{48832307-790C-4A2D-8A6D-4815E87BAA82}.Debug|Any CPU.Deploy.0 = Debug|Any CPU
		{48832307-790C-4A2D-8A6D-4815E87BAA82}.Release|Any CPU.ActiveCfg = Release|Any CPU
		{48832307-790C-4A2D-8A6D-4815E87BAA82}.Release|Any CPU.Build.0 = Release|Any CPU
		{48832307-790C-4A2D-8A6D-4815E87BAA82}.Release|Any CPU.Deploy.0 = Release|Any CPU
		{182011EF-A555-4CA7-81A0-3A9E81FC38B9}.Debug|Any CPU.ActiveCfg = Debug|Any CPU
		{182011EF-A555-4CA7-81A0-3A9E81FC38B9}.Debug|Any CPU.Build.0 = Debug|Any CPU
		{182011EF-A555-4CA7-81A0-3A9E81FC38B9}.Debug|Any CPU.Deploy.0 = Debug|Any CPU
		{182011EF-A555-4CA7-81A0-3A9E81FC38B9}.Release|Any CPU.ActiveCfg = Release|Any CPU
		{182011EF-A555-4CA7-81A0-3A9E81FC38B9}.Release|Any CPU.Build.0 = Release|Any CPU
		{182011EF-A555-4CA7-81A0-3A9E81FC38B9}.Release|Any CPU.Deploy.0 = Release|Any CPU
		{69006995-277A-44FB-B8D6-2F964CA95862}.Debug|Any CPU.ActiveCfg = Debug|Any CPU
		{69006995-277A-44FB-B8D6-2F964CA95862}.Debug|Any CPU.Build.0 = Debug|Any CPU
		{69006995-277A-44FB-B8D6-2F964CA95862}.Release|Any CPU.ActiveCfg = Release|Any CPU
		{69006995-277A-44FB-B8D6-2F964CA95862}.Release|Any CPU.Build.0 = Release|Any CPU
		{5AFC4517-BB2E-4767-A53E-2D52F82B7AF8}.Debug|Any CPU.ActiveCfg = Debug|Any CPU
		{5AFC4517-BB2E-4767-A53E-2D52F82B7AF8}.Debug|Any CPU.Build.0 = Debug|Any CPU
		{5AFC4517-BB2E-4767-A53E-2D52F82B7AF8}.Release|Any CPU.ActiveCfg = Release|Any CPU
		{5AFC4517-BB2E-4767-A53E-2D52F82B7AF8}.Release|Any CPU.Build.0 = Release|Any CPU
	EndGlobalSection
	GlobalSection(SolutionProperties) = preSolution
		HideSolutionNode = FALSE
	EndGlobalSection
	GlobalSection(NestedProjects) = preSolution
		{AB21EF08-FC6C-48C5-82A8-293418A627F5} = {135B5670-7F50-4622-A4EE-2B2E97C4285A}
		{97256AA6-06C4-48E6-974C-0900637B13D0} = {135B5670-7F50-4622-A4EE-2B2E97C4285A}
		{1AF3E25C-659A-4611-BC08-B4559B4787D8} = {135B5670-7F50-4622-A4EE-2B2E97C4285A}
		{D810FA64-43EB-402F-A781-6483D110F509} = {E5D6E865-ED63-4960-92C3-AC98D1F7FA2E}
		{821354D1-7702-44AC-8B64-F4D49FAD54B1} = {E5D6E865-ED63-4960-92C3-AC98D1F7FA2E}
		{0D871D10-3625-4C8E-8EAD-631C27A60EC6} = {E5D6E865-ED63-4960-92C3-AC98D1F7FA2E}
		{48832307-790C-4A2D-8A6D-4815E87BAA82} = {D810FA64-43EB-402F-A781-6483D110F509}
		{182011EF-A555-4CA7-81A0-3A9E81FC38B9} = {D810FA64-43EB-402F-A781-6483D110F509}
		{A19E0504-2206-4A15-9EFD-3EBF590748ED} = {821354D1-7702-44AC-8B64-F4D49FAD54B1}
		{DF2114C7-5AFD-4131-8E98-62917E60718A} = {821354D1-7702-44AC-8B64-F4D49FAD54B1}
		{6B98E437-CECC-4415-BE9C-409EE15E16AC} = {851681CA-E0FA-4BB9-A1D5-B0D78B31EB87}
		{BC0BCF8D-5C9E-4070-A599-C6A40787D84E} = {851681CA-E0FA-4BB9-A1D5-B0D78B31EB87}
		{98ACDAA7-C6D8-4AEB-9759-673EB5FBD542} = {851681CA-E0FA-4BB9-A1D5-B0D78B31EB87}
		{69006995-277A-44FB-B8D6-2F964CA95862} = {851681CA-E0FA-4BB9-A1D5-B0D78B31EB87}
		{5AFC4517-BB2E-4767-A53E-2D52F82B7AF8} = {851681CA-E0FA-4BB9-A1D5-B0D78B31EB87}
		{F16165A2-D00B-4300-88B5-60576D9A9721} = {6B98E437-CECC-4415-BE9C-409EE15E16AC}
	EndGlobalSection
EndGlobal
